hash: 8dfcd091ee6e755a015f5dd0f687d1b6c26ad08032dae8bfcb2de354715fa0cc
updated: 2016-09-20T12:26:50.487457778-04:00
imports:
- name: github.com/cloudfoundry-incubator/candiedyaml
  version: 99c3df83b51532e3615f851d8c2dbb638f5313bf
- name: github.com/codegangsta/cli
  version: d53eb991652b1d438abdd34ce4bfa3ef1539108e
- name: github.com/ghodss/yaml
  version: aa0c862057666179de291b67d9f093d12b5a8473
- name: github.com/op/go-logging
  version: 970db520ece77730c7e4724c61121037378659d9
- name: github.com/satori/go.uuid
  version: 0aa62d5ddceb50dbcb909d790b5345affd3669b6
- name: github.com/streadway/amqp
  version: 2e25825abdbd7752ff08b270d313b93519a0a232
devImports: []
